
Microsoft Visual Studio Solution File, Format Version 12.00
# Visual Studio Version 17
VisualStudioVersion = 17.9.34714.143
MinimumVisualStudioVersion = 10.0.40219.1
Project("{FAE04EC0-301F-11D3-BF4B-00C04F79EFBC}") = "PicoYPlaca", "PicoYPlaca\PicoYPlaca.csproj", "{F953EE81-E167-4CB1-B068-D3671AB377CB}"
EndProject
Global
	GlobalSection(SolutionConfigurationPlatforms) = preSolution
		Debug|Any CPU = Debug|Any CPU
		Release|Any CPU = Release|Any CPU
	EndGlobalSection
	GlobalSection(ProjectConfigurationPlatforms) = postSolution
		{F953EE81-E167-4CB1-B068-D3671AB377CB}.Debug|Any CPU.ActiveCfg = Debug|Any CPU
		{F953EE81-E167-4CB1-B068-D3671AB377CB}.Debug|Any CPU.Build.0 = Debug|Any CPU
		{F953EE81-E167-4CB1-B068-D3671AB377CB}.Release|Any CPU.ActiveCfg = Release|Any CPU
		{F953EE81-E167-4CB1-B068-D3671AB377CB}.Release|Any CPU.Build.0 = Release|Any CPU
	EndGlobalSection
	GlobalSection(SolutionProperties) = preSolution
		HideSolutionNode = FALSE
	EndGlobalSection
	GlobalSection(ExtensibilityGlobals) = postSolution
		SolutionGuid = {CA35260B-621A-4946-8A03-90D353885885}
	EndGlobalSection
EndGlobal
